// !$*UTF8*$!
{
	archiveVersion = 1;
	classes = {
	};
	objectVersion = 46;
	objects = {

/* Begin PBXBuildFile section */
		620F04A31EC0DF6A00C9E67D /* main.m in Sources */ = {isa = PBXBuildFile; fileRef = 620F04A21EC0DF6A00C9E67D /* main.m */; };
		620F04A61EC0DF6A00C9E67D /* AppDelegate.m in Sources */ = {isa = PBXBuildFile; fileRef = 620F04A51EC0DF6A00C9E67D /* AppDelegate.m */; };
		620F04A91EC0DF6A00C9E67D /* HomeViewController.m in Sources */ = {isa = PBXBuildFile; fileRef = 620F04A81EC0DF6A00C9E67D /* HomeViewController.m */; };
		620F04AC1EC0DF6A00C9E67D /* Main.storyboard in Resources */ = {isa = PBXBuildFile; fileRef = 620F04AA1EC0DF6A00C9E67D /* Main.storyboard */; };
		620F04AE1EC0DF6A00C9E67D /* Assets.xcassets in Resources */ = {isa = PBXBuildFile; fileRef = 620F04AD1EC0DF6A00C9E67D /* Assets.xcassets */; };
		620F04B11EC0DF6A00C9E67D /* LaunchScreen.storyboard in Resources */ = {isa = PBXBuildFile; fileRef = 620F04AF1EC0DF6A00C9E67D /* LaunchScreen.storyboard */; };
		620F04B91EC0DFF600C9E67D /* GoogleService-Info.plist in Resources */ = {isa = PBXBuildFile; fileRef = 620F04B81EC0DFF600C9E67D /* GoogleService-Info.plist */; };
		625DFEA41EC0EBC500ADBA70 /* LoginViewController.m in Sources */ = {isa = PBXBuildFile; fileRef = 625DFEA31EC0EBC500ADBA70 /* LoginViewController.m */; };
		625DFEAA1EC108D700ADBA70 /* CustomButton.m in Sources */ = {isa = PBXBuildFile; fileRef = 625DFEA91EC108D700ADBA70 /* CustomButton.m */; };
		625DFEAD1EC10E6400ADBA70 /* NewTodoViewController.m in Sources */ = {isa = PBXBuildFile; fileRef = 625DFEAC1EC10E6400ADBA70 /* NewTodoViewController.m */; };
		625DFEB01EC134F800ADBA70 /* Todo.m in Sources */ = {isa = PBXBuildFile; fileRef = 625DFEAF1EC134F800ADBA70 /* Todo.m */; };
		625DFEB41EC1386400ADBA70 /* TodoTableViewCell.m in Sources */ = {isa = PBXBuildFile; fileRef = 625DFEB31EC1386400ADBA70 /* TodoTableViewCell.m */; };
		62DC7BA81EC233AB006D8AB6 /* Interface.storyboard in Resources */ = {isa = PBXBuildFile; fileRef = 62DC7BA61EC233AB006D8AB6 /* Interface.storyboard */; };
		62DC7BAA1EC233AB006D8AB6 /* Assets.xcassets in Resources */ = {isa = PBXBuildFile; fileRef = 62DC7BA91EC233AB006D8AB6 /* Assets.xcassets */; };
		62DC7BB11EC233AB006D8AB6 /* WatchKit-Todo Extension.appex in Embed App Extensions */ = {isa = PBXBuildFile; fileRef = 62DC7BB01EC233AB006D8AB6 /* WatchKit-Todo Extension.appex */; settings = {ATTRIBUTES = (RemoveHeadersOnCopy, ); }; };
		62DC7BB71EC233AB006D8AB6 /* InterfaceController.m in Sources */ = {isa = PBXBuildFile; fileRef = 62DC7BB61EC233AB006D8AB6 /* InterfaceController.m */; };
		62DC7BBA1EC233AB006D8AB6 /* ExtensionDelegate.m in Sources */ = {isa = PBXBuildFile; fileRef = 62DC7BB91EC233AB006D8AB6 /* ExtensionDelegate.m */; };
		62DC7BBC1EC233AB006D8AB6 /* Assets.xcassets in Resources */ = {isa = PBXBuildFile; fileRef = 62DC7BBB1EC233AB006D8AB6 /* Assets.xcassets */; };
		62DC7BC01EC233AB006D8AB6 /* WatchKit-Todo.app in Embed Watch Content */ = {isa = PBXBuildFile; fileRef = 62DC7BA41EC233AB006D8AB6 /* WatchKit-Todo.app */; };
		62DC7BCB1EC23F3D006D8AB6 /* TodoRowController.m in Sources */ = {isa = PBXBuildFile; fileRef = 62DC7BCA1EC23F3D006D8AB6 /* TodoRowController.m */; };
		62DC7BCC1EC2427A006D8AB6 /* Todo.m in Sources */ = {isa = PBXBuildFile; fileRef = 625DFEAF1EC134F800ADBA70 /* Todo.m */; };
		62DC7BD51EC246C2006D8AB6 /* main.m in Sources */ = {isa = PBXBuildFile; fileRef = 62DC7BD41EC246C2006D8AB6 /* main.m */; };
		62DC7BD81EC246C2006D8AB6 /* AppDelegate.m in Sources */ = {isa = PBXBuildFile; fileRef = 62DC7BD71EC246C2006D8AB6 /* AppDelegate.m */; };
		62DC7BDE1EC246C2006D8AB6 /* Main.storyboard in Resources */ = {isa = PBXBuildFile; fileRef = 62DC7BDC1EC246C2006D8AB6 /* Main.storyboard */; };
		62DC7BE01EC246C2006D8AB6 /* Assets.xcassets in Resources */ = {isa = PBXBuildFile; fileRef = 62DC7BDF1EC246C2006D8AB6 /* Assets.xcassets */; };
		62DC7BE71EC248B8006D8AB6 /* TVHomeViewController.m in Sources */ = {isa = PBXBuildFile; fileRef = 62DC7BE61EC248B8006D8AB6 /* TVHomeViewController.m */; };
		62DC7BE81EC249D1006D8AB6 /* Todo.m in Sources */ = {isa = PBXBuildFile; fileRef = 625DFEAF1EC134F800ADBA70 /* Todo.m */; };
		62DC7BEB1EC27409006D8AB6 /* WatchDetailViewController.m in Sources */ = {isa = PBXBuildFile; fileRef = 62DC7BEA1EC27409006D8AB6 /* WatchDetailViewController.m */; };
		62DC7BEE1EC27EAD006D8AB6 /* TVDetailViewController.m in Sources */ = {isa = PBXBuildFile; fileRef = 62DC7BED1EC27EAD006D8AB6 /* TVDetailViewController.m */; };
		62DC7BF11EC292D8006D8AB6 /* CompletedTodoViewController.m in Sources */ = {isa = PBXBuildFile; fileRef = 62DC7BF01EC292D8006D8AB6 /* CompletedTodoViewController.m */; };
		62DC7BF41EC2984D006D8AB6 /* TodoDatabase.m in Sources */ = {isa = PBXBuildFile; fileRef = 62DC7BF31EC2984D006D8AB6 /* TodoDatabase.m */; };
		D7BC83FEFF8BB2C09077E77F /* libPods-Todo Anywhere.a in Frameworks */ = {isa = PBXBuildFile; fileRef = E00FCFDD18FB57F87C6E86A5 /* libPods-Todo Anywhere.a */; };
/* End PBXBuildFile section */

/* Begin PBXContainerItemProxy section */
		62DC7BB21EC233AB006D8AB6 /* PBXContainerItemProxy */ = {
			isa = PBXContainerItemProxy;
			containerPortal = 620F04961EC0DF6A00C9E67D /* Project object */;
			proxyType = 1;
			remoteGlobalIDString = 62DC7BAF1EC233AB006D8AB6;
			remoteInfo = "WatchKit-Todo Extension";
		};
		62DC7BBE1EC233AB006D8AB6 /* PBXContainerItemProxy */ = {
			isa = PBXContainerItemProxy;
			containerPortal = 620F04961EC0DF6A00C9E67D /* Project object */;
			proxyType = 1;
			remoteGlobalIDString = 62DC7BA31EC233AB006D8AB6;
			remoteInfo = "WatchKit-Todo";
		};
/* End PBXContainerItemProxy section */

/* Begin PBXCopyFilesBuildPhase section */
		62DC7BC61EC233AB006D8AB6 /* Embed App Extensions */ = {
			isa = PBXCopyFilesBuildPhase;
			buildActionMask = 2147483647;
			dstPath = "";
			dstSubfolderSpec = 13;
			files = (
				62DC7BB11EC233AB006D8AB6 /* WatchKit-Todo Extension.appex in Embed App Extensions */,
			);
			name = "Embed App Extensions";
			runOnlyForDeploymentPostprocessing = 0;
		};
		62DC7BC81EC233AB006D8AB6 /* Embed Watch Content */ = {
			isa = PBXCopyFilesBuildPhase;
			buildActionMask = 2147483647;
			dstPath = "$(CONTENTS_FOLDER_PATH)/Watch";
			dstSubfolderSpec = 16;
			files = (
				62DC7BC01EC233AB006D8AB6 /* WatchKit-Todo.app in Embed Watch Content */,
			);
			name = "Embed Watch Content";
			runOnlyForDeploymentPostprocessing = 0;
		};
/* End PBXCopyFilesBuildPhase section */

/* Begin PBXFileReference section */
		1A0A0CBD8B25DCD153930AF0 /* Pods-Todo Anywhere.release.xcconfig */ = {isa = PBXFileReference; includeInIndex = 1; lastKnownFileType = text.xcconfig; name = "Pods-Todo Anywhere.release.xcconfig"; path = "Pods/Target Support Files/Pods-Todo Anywhere/Pods-Todo Anywhere.release.xcconfig"; sourceTree = "<group>"; };
		620F049E1EC0DF6A00C9E67D /* Todo Anywhere.app */ = {isa = PBXFileReference; explicitFileType = wrapper.application; includeInIndex = 0; path = "Todo Anywhere.app"; sourceTree = BUILT_PRODUCTS_DIR; };
		620F04A21EC0DF6A00C9E67D /* main.m */ = {isa = PBXFileReference; lastKnownFileType = sourcecode.c.objc; path = main.m; sourceTree = "<group>"; };
		620F04A41EC0DF6A00C9E67D /* AppDelegate.h */ = {isa = PBXFileReference; lastKnownFileType = sourcecode.c.h; path = AppDelegate.h; sourceTree = "<group>"; };
		620F04A51EC0DF6A00C9E67D /* AppDelegate.m */ = {isa = PBXFileReference; lastKnownFileType = sourcecode.c.objc; path = AppDelegate.m; sourceTree = "<group>"; };
		620F04A71EC0DF6A00C9E67D /* HomeViewController.h */ = {isa = PBXFileReference; lastKnownFileType = sourcecode.c.h; path = HomeViewController.h; sourceTree = "<group>"; };
		620F04A81EC0DF6A00C9E67D /* HomeViewController.m */ = {isa = PBXFileReference; lastKnownFileType = sourcecode.c.objc; path = HomeViewController.m; sourceTree = "<group>"; };
		620F04AB1EC0DF6A00C9E67D /* Base */ = {isa = PBXFileReference; lastKnownFileType = file.storyboard; name = Base; path = Base.lproj/Main.storyboard; sourceTree = "<group>"; };
		620F04AD1EC0DF6A00C9E67D /* Assets.xcassets */ = {isa = PBXFileReference; lastKnownFileType = folder.assetcatalog; path = Assets.xcassets; sourceTree = "<group>"; };
		620F04B01EC0DF6A00C9E67D /* Base */ = {isa = PBXFileReference; lastKnownFileType = file.storyboard; name = Base; path = Base.lproj/LaunchScreen.storyboard; sourceTree = "<group>"; };
		620F04B21EC0DF6A00C9E67D /* Info.plist */ = {isa = PBXFileReference; lastKnownFileType = text.plist.xml; path = Info.plist; sourceTree = "<group>"; };
		620F04B81EC0DFF600C9E67D /* GoogleService-Info.plist */ = {isa = PBXFileReference; fileEncoding = 4; lastKnownFileType = text.plist.xml; name = "GoogleService-Info.plist"; path = "../GoogleService-Info.plist"; sourceTree = "<group>"; };
		625DFEA21EC0EBC500ADBA70 /* LoginViewController.h */ = {isa = PBXFileReference; fileEncoding = 4; lastKnownFileType = sourcecode.c.h; path = LoginViewController.h; sourceTree = "<group>"; };
		625DFEA31EC0EBC500ADBA70 /* LoginViewController.m */ = {isa = PBXFileReference; fileEncoding = 4; lastKnownFileType = sourcecode.c.objc; path = LoginViewController.m; sourceTree = "<group>"; };
		625DFEA81EC108D700ADBA70 /* CustomButton.h */ = {isa = PBXFileReference; fileEncoding = 4; lastKnownFileType = sourcecode.c.h; path = CustomButton.h; sourceTree = "<group>"; };
		625DFEA91EC108D700ADBA70 /* CustomButton.m */ = {isa = PBXFileReference; fileEncoding = 4; lastKnownFileType = sourcecode.c.objc; path = CustomButton.m; sourceTree = "<group>"; };
		625DFEAB1EC10E6400ADBA70 /* NewTodoViewController.h */ = {isa = PBXFileReference; fileEncoding = 4; lastKnownFileType = sourcecode.c.h; path = NewTodoViewController.h; sourceTree = "<group>"; };
		625DFEAC1EC10E6400ADBA70 /* NewTodoViewController.m */ = {isa = PBXFileReference; fileEncoding = 4; lastKnownFileType = sourcecode.c.objc; path = NewTodoViewController.m; sourceTree = "<group>"; };
		625DFEAE1EC134F800ADBA70 /* Todo.h */ = {isa = PBXFileReference; fileEncoding = 4; lastKnownFileType = sourcecode.c.h; path = Todo.h; sourceTree = "<group>"; };
		625DFEAF1EC134F800ADBA70 /* Todo.m */ = {isa = PBXFileReference; fileEncoding = 4; lastKnownFileType = sourcecode.c.objc; path = Todo.m; sourceTree = "<group>"; };
		625DFEB21EC1386400ADBA70 /* TodoTableViewCell.h */ = {isa = PBXFileReference; fileEncoding = 4; lastKnownFileType = sourcecode.c.h; path = TodoTableViewCell.h; sourceTree = "<group>"; };
		625DFEB31EC1386400ADBA70 /* TodoTableViewCell.m */ = {isa = PBXFileReference; fileEncoding = 4; lastKnownFileType = sourcecode.c.objc; path = TodoTableViewCell.m; sourceTree = "<group>"; };
		62DC7BA41EC233AB006D8AB6 /* WatchKit-Todo.app */ = {isa = PBXFileReference; explicitFileType = wrapper.application; includeInIndex = 0; path = "WatchKit-Todo.app"; sourceTree = BUILT_PRODUCTS_DIR; };
		62DC7BA71EC233AB006D8AB6 /* Base */ = {isa = PBXFileReference; lastKnownFileType = file.storyboard; name = Base; path = Base.lproj/Interface.storyboard; sourceTree = "<group>"; };
		62DC7BA91EC233AB006D8AB6 /* Assets.xcassets */ = {isa = PBXFileReference; lastKnownFileType = folder.assetcatalog; path = Assets.xcassets; sourceTree = "<group>"; };
		62DC7BAB1EC233AB006D8AB6 /* Info.plist */ = {isa = PBXFileReference; lastKnownFileType = text.plist.xml; path = Info.plist; sourceTree = "<group>"; };
		62DC7BB01EC233AB006D8AB6 /* WatchKit-Todo Extension.appex */ = {isa = PBXFileReference; explicitFileType = "wrapper.app-extension"; includeInIndex = 0; path = "WatchKit-Todo Extension.appex"; sourceTree = BUILT_PRODUCTS_DIR; };
		62DC7BB51EC233AB006D8AB6 /* InterfaceController.h */ = {isa = PBXFileReference; lastKnownFileType = sourcecode.c.h; path = InterfaceController.h; sourceTree = "<group>"; };
		62DC7BB61EC233AB006D8AB6 /* InterfaceController.m */ = {isa = PBXFileReference; lastKnownFileType = sourcecode.c.objc; path = InterfaceController.m; sourceTree = "<group>"; };
		62DC7BB81EC233AB006D8AB6 /* ExtensionDelegate.h */ = {isa = PBXFileReference; lastKnownFileType = sourcecode.c.h; path = ExtensionDelegate.h; sourceTree = "<group>"; };
		62DC7BB91EC233AB006D8AB6 /* ExtensionDelegate.m */ = {isa = PBXFileReference; lastKnownFileType = sourcecode.c.objc; path = ExtensionDelegate.m; sourceTree = "<group>"; };
		62DC7BBB1EC233AB006D8AB6 /* Assets.xcassets */ = {isa = PBXFileReference; lastKnownFileType = folder.assetcatalog; path = Assets.xcassets; sourceTree = "<group>"; };
		62DC7BBD1EC233AB006D8AB6 /* Info.plist */ = {isa = PBXFileReference; lastKnownFileType = text.plist.xml; path = Info.plist; sourceTree = "<group>"; };
		62DC7BC91EC23F3D006D8AB6 /* TodoRowController.h */ = {isa = PBXFileReference; fileEncoding = 4; lastKnownFileType = sourcecode.c.h; path = TodoRowController.h; sourceTree = "<group>"; };
		62DC7BCA1EC23F3D006D8AB6 /* TodoRowController.m */ = {isa = PBXFileReference; fileEncoding = 4; lastKnownFileType = sourcecode.c.objc; path = TodoRowController.m; sourceTree = "<group>"; };
		62DC7BD11EC246C2006D8AB6 /* TV-todo-anywhere.app */ = {isa = PBXFileReference; explicitFileType = wrapper.application; includeInIndex = 0; path = "TV-todo-anywhere.app"; sourceTree = BUILT_PRODUCTS_DIR; };
		62DC7BD41EC246C2006D8AB6 /* main.m */ = {isa = PBXFileReference; lastKnownFileType = sourcecode.c.objc; path = main.m; sourceTree = "<group>"; };
		62DC7BD61EC246C2006D8AB6 /* AppDelegate.h */ = {isa = PBXFileReference; lastKnownFileType = sourcecode.c.h; path = AppDelegate.h; sourceTree = "<group>"; };
		62DC7BD71EC246C2006D8AB6 /* AppDelegate.m */ = {isa = PBXFileReference; lastKnownFileType = sourcecode.c.objc; path = AppDelegate.m; sourceTree = "<group>"; };
		62DC7BDD1EC246C2006D8AB6 /* Base */ = {isa = PBXFileReference; lastKnownFileType = file.storyboard; name = Base; path = Base.lproj/Main.storyboard; sourceTree = "<group>"; };
		62DC7BDF1EC246C2006D8AB6 /* Assets.xcassets */ = {isa = PBXFileReference; lastKnownFileType = folder.assetcatalog; path = Assets.xcassets; sourceTree = "<group>"; };
		62DC7BE11EC246C2006D8AB6 /* Info.plist */ = {isa = PBXFileReference; lastKnownFileType = text.plist.xml; path = Info.plist; sourceTree = "<group>"; };
		62DC7BE51EC248B8006D8AB6 /* TVHomeViewController.h */ = {isa = PBXFileReference; fileEncoding = 4; lastKnownFileType = sourcecode.c.h; path = TVHomeViewController.h; sourceTree = "<group>"; };
		62DC7BE61EC248B8006D8AB6 /* TVHomeViewController.m */ = {isa = PBXFileReference; fileEncoding = 4; lastKnownFileType = sourcecode.c.objc; path = TVHomeViewController.m; sourceTree = "<group>"; };
		62DC7BE91EC27409006D8AB6 /* WatchDetailViewController.h */ = {isa = PBXFileReference; fileEncoding = 4; lastKnownFileType = sourcecode.c.h; path = WatchDetailViewController.h; sourceTree = "<group>"; };
		62DC7BEA1EC27409006D8AB6 /* WatchDetailViewController.m */ = {isa = PBXFileReference; fileEncoding = 4; lastKnownFileType = sourcecode.c.objc; path = WatchDetailViewController.m; sourceTree = "<group>"; };
		62DC7BEC1EC27EAD006D8AB6 /* TVDetailViewController.h */ = {isa = PBXFileReference; fileEncoding = 4; lastKnownFileType = sourcecode.c.h; path = TVDetailViewController.h; sourceTree = "<group>"; };
		62DC7BED1EC27EAD006D8AB6 /* TVDetailViewController.m */ = {isa = PBXFileReference; fileEncoding = 4; lastKnownFileType = sourcecode.c.objc; path = TVDetailViewController.m; sourceTree = "<group>"; };
		62DC7BEF1EC292D8006D8AB6 /* CompletedTodoViewController.h */ = {isa = PBXFileReference; fileEncoding = 4; lastKnownFileType = sourcecode.c.h; path = CompletedTodoViewController.h; sourceTree = "<group>"; };
		62DC7BF01EC292D8006D8AB6 /* CompletedTodoViewController.m */ = {isa = PBXFileReference; fileEncoding = 4; lastKnownFileType = sourcecode.c.objc; path = CompletedTodoViewController.m; sourceTree = "<group>"; };
		62DC7BF21EC2984D006D8AB6 /* TodoDatabase.h */ = {isa = PBXFileReference; fileEncoding = 4; lastKnownFileType = sourcecode.c.h; path = TodoDatabase.h; sourceTree = "<group>"; };
		62DC7BF31EC2984D006D8AB6 /* TodoDatabase.m */ = {isa = PBXFileReference; fileEncoding = 4; lastKnownFileType = sourcecode.c.objc; path = TodoDatabase.m; sourceTree = "<group>"; };
		E00FCFDD18FB57F87C6E86A5 /* libPods-Todo Anywhere.a */ = {isa = PBXFileReference; explicitFileType = archive.ar; includeInIndex = 0; path = "libPods-Todo Anywhere.a"; sourceTree = BUILT_PRODUCTS_DIR; };
		F02C477CC06A437489E05D03 /* Pods-Todo Anywhere.debug.xcconfig */ = {isa = PBXFileReference; includeInIndex = 1; lastKnownFileType = text.xcconfig; name = "Pods-Todo Anywhere.debug.xcconfig"; path = "Pods/Target Support Files/Pods-Todo Anywhere/Pods-Todo Anywhere.debug.xcconfig"; sourceTree = "<group>"; };
/* End PBXFileReference section */

/* Begin PBXFrameworksBuildPhase section */
		620F049B1EC0DF6A00C9E67D /* Frameworks */ = {
			isa = PBXFrameworksBuildPhase;
			buildActionMask = 2147483647;
			files = (
				D7BC83FEFF8BB2C09077E77F /* libPods-Todo Anywhere.a in Frameworks */,
			);
			runOnlyForDeploymentPostprocessing = 0;
		};
		62DC7BAD1EC233AB006D8AB6 /* Frameworks */ = {
			isa = PBXFrameworksBuildPhase;
			buildActionMask = 2147483647;
			files = (
			);
			runOnlyForDeploymentPostprocessing = 0;
		};
		62DC7BCE1EC246C2006D8AB6 /* Frameworks */ = {
			isa = PBXFrameworksBuildPhase;
			buildActionMask = 2147483647;
			files = (
			);
			runOnlyForDeploymentPostprocessing = 0;
		};
/* End PBXFrameworksBuildPhase section */

/* Begin PBXGroup section */
		398B3F5309C99AC484437CAB /* Pods */ = {
			isa = PBXGroup;
			children = (
				F02C477CC06A437489E05D03 /* Pods-Todo Anywhere.debug.xcconfig */,
				1A0A0CBD8B25DCD153930AF0 /* Pods-Todo Anywhere.release.xcconfig */,
			);
			name = Pods;
			sourceTree = "<group>";
		};
		620F04951EC0DF6A00C9E67D = {
			isa = PBXGroup;
			children = (
				620F04A01EC0DF6A00C9E67D /* Todo Anywhere */,
				62DC7BA51EC233AB006D8AB6 /* WatchKit-Todo */,
				62DC7BB41EC233AB006D8AB6 /* WatchKit-Todo Extension */,
				62DC7BD21EC246C2006D8AB6 /* TV-todo-anywhere */,
				620F049F1EC0DF6A00C9E67D /* Products */,
				398B3F5309C99AC484437CAB /* Pods */,
				C7B7ED6D6BA80D09E2418731 /* Frameworks */,
			);
			sourceTree = "<group>";
		};
		620F049F1EC0DF6A00C9E67D /* Products */ = {
			isa = PBXGroup;
			children = (
				620F049E1EC0DF6A00C9E67D /* Todo Anywhere.app */,
				62DC7BA41EC233AB006D8AB6 /* WatchKit-Todo.app */,
				62DC7BB01EC233AB006D8AB6 /* WatchKit-Todo Extension.appex */,
				62DC7BD11EC246C2006D8AB6 /* TV-todo-anywhere.app */,
			);
			name = Products;
			sourceTree = "<group>";
		};
		620F04A01EC0DF6A00C9E67D /* Todo Anywhere */ = {
			isa = PBXGroup;
			children = (
				625DFEB11EC134FD00ADBA70 /* Models */,
				620F04BA1EC0E02C00C9E67D /* Controllers */,
				620F04BB1EC0E04200C9E67D /* Views */,
				620F04A11EC0DF6A00C9E67D /* Supporting Files */,
			);
			path = "Todo Anywhere";
			sourceTree = "<group>";
		};
		620F04A11EC0DF6A00C9E67D /* Supporting Files */ = {
			isa = PBXGroup;
			children = (
				620F04A41EC0DF6A00C9E67D /* AppDelegate.h */,
				620F04A51EC0DF6A00C9E67D /* AppDelegate.m */,
				620F04AD1EC0DF6A00C9E67D /* Assets.xcassets */,
				620F04B81EC0DFF600C9E67D /* GoogleService-Info.plist */,
				620F04B21EC0DF6A00C9E67D /* Info.plist */,
				620F04A21EC0DF6A00C9E67D /* main.m */,
			);
			name = "Supporting Files";
			sourceTree = "<group>";
		};
		620F04BA1EC0E02C00C9E67D /* Controllers */ = {
			isa = PBXGroup;
			children = (
				62DC7BEF1EC292D8006D8AB6 /* CompletedTodoViewController.h */,
				62DC7BF01EC292D8006D8AB6 /* CompletedTodoViewController.m */,
				625DFEAB1EC10E6400ADBA70 /* NewTodoViewController.h */,
				625DFEAC1EC10E6400ADBA70 /* NewTodoViewController.m */,
				625DFEA21EC0EBC500ADBA70 /* LoginViewController.h */,
				625DFEA31EC0EBC500ADBA70 /* LoginViewController.m */,
				620F04A71EC0DF6A00C9E67D /* HomeViewController.h */,
				620F04A81EC0DF6A00C9E67D /* HomeViewController.m */,
			);
			name = Controllers;
			sourceTree = "<group>";
		};
		620F04BB1EC0E04200C9E67D /* Views */ = {
			isa = PBXGroup;
			children = (
				625DFEB21EC1386400ADBA70 /* TodoTableViewCell.h */,
				625DFEB31EC1386400ADBA70 /* TodoTableViewCell.m */,
				625DFEA81EC108D700ADBA70 /* CustomButton.h */,
				625DFEA91EC108D700ADBA70 /* CustomButton.m */,
				620F04AA1EC0DF6A00C9E67D /* Main.storyboard */,
				620F04AF1EC0DF6A00C9E67D /* LaunchScreen.storyboard */,
			);
			name = Views;
			sourceTree = "<group>";
		};
		625DFEB11EC134FD00ADBA70 /* Models */ = {
			isa = PBXGroup;
			children = (
				625DFEAE1EC134F800ADBA70 /* Todo.h */,
				625DFEAF1EC134F800ADBA70 /* Todo.m */,
				62DC7BF21EC2984D006D8AB6 /* TodoDatabase.h */,
				62DC7BF31EC2984D006D8AB6 /* TodoDatabase.m */,
			);
			name = Models;
			sourceTree = "<group>";
		};
		62DC7BA51EC233AB006D8AB6 /* WatchKit-Todo */ = {
			isa = PBXGroup;
			children = (
				62DC7BA61EC233AB006D8AB6 /* Interface.storyboard */,
				62DC7BA91EC233AB006D8AB6 /* Assets.xcassets */,
				62DC7BAB1EC233AB006D8AB6 /* Info.plist */,
			);
			path = "WatchKit-Todo";
			sourceTree = "<group>";
		};
		62DC7BB41EC233AB006D8AB6 /* WatchKit-Todo Extension */ = {
			isa = PBXGroup;
			children = (
				62DC7BE91EC27409006D8AB6 /* WatchDetailViewController.h */,
				62DC7BEA1EC27409006D8AB6 /* WatchDetailViewController.m */,
				62DC7BC91EC23F3D006D8AB6 /* TodoRowController.h */,
				62DC7BCA1EC23F3D006D8AB6 /* TodoRowController.m */,
				62DC7BB51EC233AB006D8AB6 /* InterfaceController.h */,
				62DC7BB61EC233AB006D8AB6 /* InterfaceController.m */,
				62DC7BB81EC233AB006D8AB6 /* ExtensionDelegate.h */,
				62DC7BB91EC233AB006D8AB6 /* ExtensionDelegate.m */,
				62DC7BBB1EC233AB006D8AB6 /* Assets.xcassets */,
				62DC7BBD1EC233AB006D8AB6 /* Info.plist */,
			);
			path = "WatchKit-Todo Extension";
			sourceTree = "<group>";
		};
		62DC7BD21EC246C2006D8AB6 /* TV-todo-anywhere */ = {
			isa = PBXGroup;
			children = (
				62DC7BE51EC248B8006D8AB6 /* TVHomeViewController.h */,
				62DC7BE61EC248B8006D8AB6 /* TVHomeViewController.m */,
				62DC7BD61EC246C2006D8AB6 /* AppDelegate.h */,
				62DC7BD71EC246C2006D8AB6 /* AppDelegate.m */,
				62DC7BDC1EC246C2006D8AB6 /* Main.storyboard */,
				62DC7BEC1EC27EAD006D8AB6 /* TVDetailViewController.h */,
				62DC7BED1EC27EAD006D8AB6 /* TVDetailViewController.m */,
				62DC7BDF1EC246C2006D8AB6 /* Assets.xcassets */,
				62DC7BE11EC246C2006D8AB6 /* Info.plist */,
				62DC7BD31EC246C2006D8AB6 /* Supporting Files */,
			);
			path = "TV-todo-anywhere";
			sourceTree = "<group>";
		};
		62DC7BD31EC246C2006D8AB6 /* Supporting Files */ = {
			isa = PBXGroup;
			children = (
				62DC7BD41EC246C2006D8AB6 /* main.m */,
			);
			name = "Supporting Files";
			sourceTree = "<group>";
		};
		C7B7ED6D6BA80D09E2418731 /* Frameworks */ = {
			isa = PBXGroup;
			children = (
				E00FCFDD18FB57F87C6E86A5 /* libPods-Todo Anywhere.a */,
			);
			name = Frameworks;
			sourceTree = "<group>";
		};
/* End PBXGroup section */

/* Begin PBXNativeTarget section */
		620F049D1EC0DF6A00C9E67D /* Todo Anywhere */ = {
			isa = PBXNativeTarget;
			buildConfigurationList = 620F04B51EC0DF6A00C9E67D /* Build configuration list for PBXNativeTarget "Todo Anywhere" */;
			buildPhases = (
				4FF278780DD81DE08AC363C2 /* [CP] Check Pods Manifest.lock */,
				620F049A1EC0DF6A00C9E67D /* Sources */,
				620F049B1EC0DF6A00C9E67D /* Frameworks */,
				620F049C1EC0DF6A00C9E67D /* Resources */,
				470B4BA41BD6757B25644030 /* [CP] Embed Pods Frameworks */,
				6482A485D24460711DC53C89 /* [CP] Copy Pods Resources */,
				62DC7BC81EC233AB006D8AB6 /* Embed Watch Content */,
			);
			buildRules = (
			);
			dependencies = (
				62DC7BBF1EC233AB006D8AB6 /* PBXTargetDependency */,
			);
			name = "Todo Anywhere";
			productName = "Todo Anywhere";
			productReference = 620F049E1EC0DF6A00C9E67D /* Todo Anywhere.app */;
			productType = "com.apple.product-type.application";
		};
		62DC7BA31EC233AB006D8AB6 /* WatchKit-Todo */ = {
			isa = PBXNativeTarget;
			buildConfigurationList = 62DC7BC71EC233AB006D8AB6 /* Build configuration list for PBXNativeTarget "WatchKit-Todo" */;
			buildPhases = (
				62DC7BA21EC233AB006D8AB6 /* Resources */,
				62DC7BC61EC233AB006D8AB6 /* Embed App Extensions */,
			);
			buildRules = (
			);
			dependencies = (
				62DC7BB31EC233AB006D8AB6 /* PBXTargetDependency */,
			);
			name = "WatchKit-Todo";
			productName = "WatchKit-Todo";
			productReference = 62DC7BA41EC233AB006D8AB6 /* WatchKit-Todo.app */;
			productType = "com.apple.product-type.application.watchapp2";
		};
		62DC7BAF1EC233AB006D8AB6 /* WatchKit-Todo Extension */ = {
			isa = PBXNativeTarget;
			buildConfigurationList = 62DC7BC51EC233AB006D8AB6 /* Build configuration list for PBXNativeTarget "WatchKit-Todo Extension" */;
			buildPhases = (
				62DC7BAC1EC233AB006D8AB6 /* Sources */,
				62DC7BAD1EC233AB006D8AB6 /* Frameworks */,
				62DC7BAE1EC233AB006D8AB6 /* Resources */,
			);
			buildRules = (
			);
			dependencies = (
			);
			name = "WatchKit-Todo Extension";
			productName = "WatchKit-Todo Extension";
			productReference = 62DC7BB01EC233AB006D8AB6 /* WatchKit-Todo Extension.appex */;
			productType = "com.apple.product-type.watchkit2-extension";
		};
		62DC7BD01EC246C2006D8AB6 /* TV-todo-anywhere */ = {
			isa = PBXNativeTarget;
			buildConfigurationList = 62DC7BE21EC246C2006D8AB6 /* Build configuration list for PBXNativeTarget "TV-todo-anywhere" */;
			buildPhases = (
				62DC7BCD1EC246C2006D8AB6 /* Sources */,
				62DC7BCE1EC246C2006D8AB6 /* Frameworks */,
				62DC7BCF1EC246C2006D8AB6 /* Resources */,
			);
			buildRules = (
			);
			dependencies = (
			);
			name = "TV-todo-anywhere";
			productName = "TV-todo-anywhere";
			productReference = 62DC7BD11EC246C2006D8AB6 /* TV-todo-anywhere.app */;
			productType = "com.apple.product-type.application";
		};
/* End PBXNativeTarget section */

/* Begin PBXProject section */
		620F04961EC0DF6A00C9E67D /* Project object */ = {
			isa = PBXProject;
			attributes = {
				LastUpgradeCheck = 0830;
				ORGANIZATIONNAME = "Robert Hatfield";
				TargetAttributes = {
					620F049D1EC0DF6A00C9E67D = {
						CreatedOnToolsVersion = 8.3.2;
						DevelopmentTeam = 4C7AR59H6U;
						ProvisioningStyle = Automatic;
					};
					62DC7BA31EC233AB006D8AB6 = {
						CreatedOnToolsVersion = 8.3.2;
						DevelopmentTeam = 4C7AR59H6U;
						ProvisioningStyle = Automatic;
					};
					62DC7BAF1EC233AB006D8AB6 = {
						CreatedOnToolsVersion = 8.3.2;
						DevelopmentTeam = 4C7AR59H6U;
						ProvisioningStyle = Automatic;
					};
					62DC7BD01EC246C2006D8AB6 = {
						CreatedOnToolsVersion = 8.3.2;
						DevelopmentTeam = 4C7AR59H6U;
						ProvisioningStyle = Automatic;
					};
				};
			};
			buildConfigurationList = 620F04991EC0DF6A00C9E67D /* Build configuration list for PBXProject "Todo Anywhere" */;
			compatibilityVersion = "Xcode 3.2";
			developmentRegion = English;
			hasScannedForEncodings = 0;
			knownRegions = (
				en,
				Base,
			);
			mainGroup = 620F04951EC0DF6A00C9E67D;
			productRefGroup = 620F049F1EC0DF6A00C9E67D /* Products */;
			projectDirPath = "";
			projectRoot = "";
			targets = (
				620F049D1EC0DF6A00C9E67D /* Todo Anywhere */,
				62DC7BA31EC233AB006D8AB6 /* WatchKit-Todo */,
				62DC7BAF1EC233AB006D8AB6 /* WatchKit-Todo Extension */,
				62DC7BD01EC246C2006D8AB6 /* TV-todo-anywhere */,
			);
		};
/* End PBXProject section */

/* Begin PBXResourcesBuildPhase section */
		620F049C1EC0DF6A00C9E67D /* Resources */ = {
			isa = PBXResourcesBuildPhase;
			buildActionMask = 2147483647;
			files = (
				620F04B11EC0DF6A00C9E67D /* LaunchScreen.storyboard in Resources */,
				620F04B91EC0DFF600C9E67D /* GoogleService-Info.plist in Resources */,
				620F04AE1EC0DF6A00C9E67D /* Assets.xcassets in Resources */,
				620F04AC1EC0DF6A00C9E67D /* Main.storyboard in Resources */,
			);
			runOnlyForDeploymentPostprocessing = 0;
		};
		62DC7BA21EC233AB006D8AB6 /* Resources */ = {
			isa = PBXResourcesBuildPhase;
			buildActionMask = 2147483647;
			files = (
				62DC7BAA1EC233AB006D8AB6 /* Assets.xcassets in Resources */,
				62DC7BA81EC233AB006D8AB6 /* Interface.storyboard in Resources */,
			);
			runOnlyForDeploymentPostprocessing = 0;
		};
		62DC7BAE1EC233AB006D8AB6 /* Resources */ = {
			isa = PBXResourcesBuildPhase;
			buildActionMask = 2147483647;
			files = (
				62DC7BBC1EC233AB006D8AB6 /* Assets.xcassets in Resources */,
			);
			runOnlyForDeploymentPostprocessing = 0;
		};
		62DC7BCF1EC246C2006D8AB6 /* Resources */ = {
			isa = PBXResourcesBuildPhase;
			buildActionMask = 2147483647;
			files = (
				62DC7BE01EC246C2006D8AB6 /* Assets.xcassets in Resources */,
				62DC7BDE1EC246C2006D8AB6 /* Main.storyboard in Resources */,
			);
			runOnlyForDeploymentPostprocessing = 0;
		};
/* End PBXResourcesBuildPhase section */

/* Begin PBXShellScriptBuildPhase section */
		470B4BA41BD6757B25644030 /* [CP] Embed Pods Frameworks */ = {
			isa = PBXShellScriptBuildPhase;
			buildActionMask = 2147483647;
			files = (
			);
			inputPaths = (
			);
			name = "[CP] Embed Pods Frameworks";
			outputPaths = (
			);
			runOnlyForDeploymentPostprocessing = 0;
			shellPath = /bin/sh;
			shellScript = "\"${SRCROOT}/Pods/Target Support Files/Pods-Todo Anywhere/Pods-Todo Anywhere-frameworks.sh\"\n";
			showEnvVarsInLog = 0;
		};
		4FF278780DD81DE08AC363C2 /* [CP] Check Pods Manifest.lock */ = {
			isa = PBXShellScriptBuildPhase;
			buildActionMask = 2147483647;
			files = (
			);
			inputPaths = (
			);
			name = "[CP] Check Pods Manifest.lock";
			outputPaths = (
			);
			runOnlyForDeploymentPostprocessing = 0;
			shellPath = /bin/sh;
			shellScript = "diff \"${PODS_PODFILE_DIR_PATH}/Podfile.lock\" \"${PODS_ROOT}/Manifest.lock\" > /dev/null\nif [ $? != 0 ] ; then\n    # print error to STDERR\n    echo \"error: The sandbox is not in sync with the Podfile.lock. Run 'pod install' or update your CocoaPods installation.\" >&2\n    exit 1\nfi\n";
			showEnvVarsInLog = 0;
		};
		6482A485D24460711DC53C89 /* [CP] Copy Pods Resources */ = {
			isa = PBXShellScriptBuildPhase;
			buildActionMask = 2147483647;
			files = (
			);
			inputPaths = (
			);
			name = "[CP] Copy Pods Resources";
			outputPaths = (
			);
			runOnlyForDeploymentPostprocessing = 0;
			shellPath = /bin/sh;
			shellScript = "\"${SRCROOT}/Pods/Target Support Files/Pods-Todo Anywhere/Pods-Todo Anywhere-resources.sh\"\n";
			showEnvVarsInLog = 0;
		};
/* End PBXShellScriptBuildPhase section */

/* Begin PBXSourcesBuildPhase section */
		620F049A1EC0DF6A00C9E67D /* Sources */ = {
			isa = PBXSourcesBuildPhase;
			buildActionMask = 2147483647;
			files = (
				625DFEA41EC0EBC500ADBA70 /* LoginViewController.m in Sources */,
				625DFEAA1EC108D700ADBA70 /* CustomButton.m in Sources */,
				620F04A91EC0DF6A00C9E67D /* HomeViewController.m in Sources */,
				62DC7BF11EC292D8006D8AB6 /* CompletedTodoViewController.m in Sources */,
				620F04A61EC0DF6A00C9E67D /* AppDelegate.m in Sources */,
				620F04A31EC0DF6A00C9E67D /* main.m in Sources */,
				625DFEAD1EC10E6400ADBA70 /* NewTodoViewController.m in Sources */,
				625DFEB01EC134F800ADBA70 /* Todo.m in Sources */,
				62DC7BF41EC2984D006D8AB6 /* TodoDatabase.m in Sources */,
				625DFEB41EC1386400ADBA70 /* TodoTableViewCell.m in Sources */,
			);
			runOnlyForDeploymentPostprocessing = 0;
		};
		62DC7BAC1EC233AB006D8AB6 /* Sources */ = {
			isa = PBXSourcesBuildPhase;
			buildActionMask = 2147483647;
			files = (
				62DC7BBA1EC233AB006D8AB6 /* ExtensionDelegate.m in Sources */,
				62DC7BB71EC233AB006D8AB6 /* InterfaceController.m in Sources */,
				62DC7BCB1EC23F3D006D8AB6 /* TodoRowController.m in Sources */,
				62DC7BCC1EC2427A006D8AB6 /* Todo.m in Sources */,
				62DC7BEB1EC27409006D8AB6 /* WatchDetailViewController.m in Sources */,
			);
			runOnlyForDeploymentPostprocessing = 0;
		};
		62DC7BCD1EC246C2006D8AB6 /* Sources */ = {
			isa = PBXSourcesBuildPhase;
			buildActionMask = 2147483647;
			files = (
				62DC7BD81EC246C2006D8AB6 /* AppDelegate.m in Sources */,
				62DC7BD51EC246C2006D8AB6 /* main.m in Sources */,
				62DC7BE71EC248B8006D8AB6 /* TVHomeViewController.m in Sources */,
				62DC7BEE1EC27EAD006D8AB6 /* TVDetailViewController.m in Sources */,
				62DC7BE81EC249D1006D8AB6 /* Todo.m in Sources */,
			);
			runOnlyForDeploymentPostprocessing = 0;
		};
/* End PBXSourcesBuildPhase section */

/* Begin PBXTargetDependency section */
		62DC7BB31EC233AB006D8AB6 /* PBXTargetDependency */ = {
			isa = PBXTargetDependency;
			target = 62DC7BAF1EC233AB006D8AB6 /* WatchKit-Todo Extension */;
			targetProxy = 62DC7BB21EC233AB006D8AB6 /* PBXContainerItemProxy */;
		};
		62DC7BBF1EC233AB006D8AB6 /* PBXTargetDependency */ = {
			isa = PBXTargetDependency;
			target = 62DC7BA31EC233AB006D8AB6 /* WatchKit-Todo */;
			targetProxy = 62DC7BBE1EC233AB006D8AB6 /* PBXContainerItemProxy */;
		};
/* End PBXTargetDependency section */

/* Begin PBXVariantGroup section */
		620F04AA1EC0DF6A00C9E67D /* Main.storyboard */ = {
			isa = PBXVariantGroup;
			children = (
				620F04AB1EC0DF6A00C9E67D /* Base */,
			);
			name = Main.storyboard;
			sourceTree = "<group>";
		};
		620F04AF1EC0DF6A00C9E67D /* LaunchScreen.storyboard */ = {
			isa = PBXVariantGroup;
			children = (
				620F04B01EC0DF6A00C9E67D /* Base */,
			);
			name = LaunchScreen.storyboard;
			sourceTree = "<group>";
		};
		62DC7BA61EC233AB006D8AB6 /* Interface.storyboard */ = {
			isa = PBXVariantGroup;
			children = (
				62DC7BA71EC233AB006D8AB6 /* Base */,
			);
			name = Interface.storyboard;
			sourceTree = "<group>";
		};
		62DC7BDC1EC246C2006D8AB6 /* Main.storyboard */ = {
			isa = PBXVariantGroup;
			children = (
				62DC7BDD1EC246C2006D8AB6 /* Base */,
			);
			name = Main.storyboard;
			sourceTree = "<group>";
		};
/* End PBXVariantGroup section */

/* Begin XCBuildConfiguration section */
		620F04B31EC0DF6A00C9E67D /* Debug */ = {
			isa = XCBuildConfiguration;
			buildSettings = {
				ALWAYS_SEARCH_USER_PATHS = NO;
				CLANG_ANALYZER_NONNULL = YES;
				CLANG_ANALYZER_NUMBER_OBJECT_CONVERSION = YES_AGGRESSIVE;
				CLANG_CXX_LANGUAGE_STANDARD = "gnu++0x";
				CLANG_CXX_LIBRARY = "libc++";
				CLANG_ENABLE_MODULES = YES;
				CLANG_ENABLE_OBJC_ARC = YES;
				CLANG_WARN_BOOL_CONVERSION = YES;
				CLANG_WARN_CONSTANT_CONVERSION = YES;
				CLANG_WARN_DIRECT_OBJC_ISA_USAGE = YES_ERROR;
				CLANG_WARN_DOCUMENTATION_COMMENTS = YES;
				CLANG_WARN_EMPTY_BODY = YES;
				CLANG_WARN_ENUM_CONVERSION = YES;
				CLANG_WARN_INFINITE_RECURSION = YES;
				CLANG_WARN_INT_CONVERSION = YES;
				CLANG_WARN_OBJC_ROOT_CLASS = YES_ERROR;
				CLANG_WARN_SUSPICIOUS_MOVE = YES;
				CLANG_WARN_UNREACHABLE_CODE = YES;
				CLANG_WARN__DUPLICATE_METHOD_MATCH = YES;
				"CODE_SIGN_IDENTITY[sdk=iphoneos*]" = "iPhone Developer";
				COPY_PHASE_STRIP = NO;
				DEBUG_INFORMATION_FORMAT = dwarf;
				ENABLE_STRICT_OBJC_MSGSEND = YES;
				ENABLE_TESTABILITY = YES;
				GCC_C_LANGUAGE_STANDARD = gnu99;
				GCC_DYNAMIC_NO_PIC = NO;
				GCC_NO_COMMON_BLOCKS = YES;
				GCC_OPTIMIZATION_LEVEL = 0;
				GCC_PREPROCESSOR_DEFINITIONS = (
					"DEBUG=1",
					"$(inherited)",
				);
				GCC_WARN_64_TO_32_BIT_CONVERSION = YES;
				GCC_WARN_ABOUT_RETURN_TYPE = YES_ERROR;
				GCC_WARN_UNDECLARED_SELECTOR = YES;
				GCC_WARN_UNINITIALIZED_AUTOS = YES_AGGRESSIVE;
				GCC_WARN_UNUSED_FUNCTION = YES;
				GCC_WARN_UNUSED_VARIABLE = YES;
				IPHONEOS_DEPLOYMENT_TARGET = 10.3;
				MTL_ENABLE_DEBUG_INFO = YES;
				ONLY_ACTIVE_ARCH = YES;
				SDKROOT = iphoneos;
				TARGETED_DEVICE_FAMILY = "1,2";
			};
			name = Debug;
		};
		620F04B41EC0DF6A00C9E67D /* Release */ = {
			isa = XCBuildConfiguration;
			buildSettings = {
				ALWAYS_SEARCH_USER_PATHS = NO;
				CLANG_ANALYZER_NONNULL = YES;
				CLANG_ANALYZER_NUMBER_OBJECT_CONVERSION = YES_AGGRESSIVE;
				CLANG_CXX_LANGUAGE_STANDARD = "gnu++0x";
				CLANG_CXX_LIBRARY = "libc++";
				CLANG_ENABLE_MODULES = YES;
				CLANG_ENABLE_OBJC_ARC = YES;
				CLANG_WARN_BOOL_CONVERSION = YES;
				CLANG_WARN_CONSTANT_CONVERSION = YES;
				CLANG_WARN_DIRECT_OBJC_ISA_USAGE = YES_ERROR;
				CLANG_WARN_DOCUMENTATION_COMMENTS = YES;
				CLANG_WARN_EMPTY_BODY = YES;
				CLANG_WARN_ENUM_CONVERSION = YES;
				CLANG_WARN_INFINITE_RECURSION = YES;
				CLANG_WARN_INT_CONVERSION = YES;
				CLANG_WARN_OBJC_ROOT_CLASS = YES_ERROR;
				CLANG_WARN_SUSPICIOUS_MOVE = YES;
				CLANG_WARN_UNREACHABLE_CODE = YES;
				CLANG_WARN__DUPLICATE_METHOD_MATCH = YES;
				"CODE_SIGN_IDENTITY[sdk=iphoneos*]" = "iPhone Developer";
				COPY_PHASE_STRIP = NO;
				DEBUG_INFORMATION_FORMAT = "dwarf-with-dsym";
				ENABLE_NS_ASSERTIONS = NO;
				ENABLE_STRICT_OBJC_MSGSEND = YES;
				GCC_C_LANGUAGE_STANDARD = gnu99;
				GCC_NO_COMMON_BLOCKS = YES;
				GCC_WARN_64_TO_32_BIT_CONVERSION = YES;
				GCC_WARN_ABOUT_RETURN_TYPE = YES_ERROR;
				GCC_WARN_UNDECLARED_SELECTOR = YES;
				GCC_WARN_UNINITIALIZED_AUTOS = YES_AGGRESSIVE;
				GCC_WARN_UNUSED_FUNCTION = YES;
				GCC_WARN_UNUSED_VARIABLE = YES;
				IPHONEOS_DEPLOYMENT_TARGET = 10.3;
				MTL_ENABLE_DEBUG_INFO = NO;
				SDKROOT = iphoneos;
				TARGETED_DEVICE_FAMILY = "1,2";
				VALIDATE_PRODUCT = YES;
			};
			name = Release;
		};
		620F04B61EC0DF6A00C9E67D /* Debug */ = {
			isa = XCBuildConfiguration;
			baseConfigurationReference = F02C477CC06A437489E05D03 /* Pods-Todo Anywhere.debug.xcconfig */;
			buildSettings = {
				ASSETCATALOG_COMPILER_APPICON_NAME = AppIcon;
				DEVELOPMENT_TEAM = 4C7AR59H6U;
				INFOPLIST_FILE = "Todo Anywhere/Info.plist";
				LD_RUNPATH_SEARCH_PATHS = "$(inherited) @executable_path/Frameworks";
				PRODUCT_BUNDLE_IDENTIFIER = "com.roberthatfield.Todo-Anywhere";
				PRODUCT_NAME = "$(TARGET_NAME)";
			};
			name = Debug;
		};
		620F04B71EC0DF6A00C9E67D /* Release */ = {
			isa = XCBuildConfiguration;
			baseConfigurationReference = 1A0A0CBD8B25DCD153930AF0 /* Pods-Todo Anywhere.release.xcconfig */;
			buildSettings = {
				ASSETCATALOG_COMPILER_APPICON_NAME = AppIcon;
				DEVELOPMENT_TEAM = 4C7AR59H6U;
				INFOPLIST_FILE = "Todo Anywhere/Info.plist";
				LD_RUNPATH_SEARCH_PATHS = "$(inherited) @executable_path/Frameworks";
				PRODUCT_BUNDLE_IDENTIFIER = "com.roberthatfield.Todo-Anywhere";
				PRODUCT_NAME = "$(TARGET_NAME)";
			};
			name = Release;
		};
		62DC7BC11EC233AB006D8AB6 /* Debug */ = {
			isa = XCBuildConfiguration;
			buildSettings = {
				ASSETCATALOG_COMPILER_APPICON_NAME = AppIcon;
				DEVELOPMENT_TEAM = 4C7AR59H6U;
				IBSC_MODULE = WatchKit_Todo_Extension;
				INFOPLIST_FILE = "WatchKit-Todo/Info.plist";
				PRODUCT_BUNDLE_IDENTIFIER = "com.roberthatfield.Todo-Anywhere.watchkitapp";
				PRODUCT_NAME = "$(TARGET_NAME)";
				SDKROOT = watchos;
				SKIP_INSTALL = YES;
				TARGETED_DEVICE_FAMILY = 4;
				WATCHOS_DEPLOYMENT_TARGET = 3.2;
			};
			name = Debug;
		};
		62DC7BC21EC233AB006D8AB6 /* Release */ = {
			isa = XCBuildConfiguration;
			buildSettings = {
				ASSETCATALOG_COMPILER_APPICON_NAME = AppIcon;
				DEVELOPMENT_TEAM = 4C7AR59H6U;
				IBSC_MODULE = WatchKit_Todo_Extension;
				INFOPLIST_FILE = "WatchKit-Todo/Info.plist";
				PRODUCT_BUNDLE_IDENTIFIER = "com.roberthatfield.Todo-Anywhere.watchkitapp";
				PRODUCT_NAME = "$(TARGET_NAME)";
				SDKROOT = watchos;
				SKIP_INSTALL = YES;
				TARGETED_DEVICE_FAMILY = 4;
				WATCHOS_DEPLOYMENT_TARGET = 3.2;
			};
			name = Release;
		};
		62DC7BC31EC233AB006D8AB6 /* Debug */ = {
			isa = XCBuildConfiguration;
			buildSettings = {
				ASSETCATALOG_COMPILER_COMPLICATION_NAME = Complication;
				DEVELOPMENT_TEAM = 4C7AR59H6U;
				INFOPLIST_FILE = "WatchKit-Todo Extension/Info.plist";
				LD_RUNPATH_SEARCH_PATHS = "$(inherited) @executable_path/Frameworks @executable_path/../../Frameworks";
				PRODUCT_BUNDLE_IDENTIFIER = "com.roberthatfield.Todo-Anywhere.watchkitapp.watchkitextension";
				PRODUCT_NAME = "${TARGET_NAME}";
				SDKROOT = watchos;
				SKIP_INSTALL = YES;
				TARGETED_DEVICE_FAMILY = 4;
				WATCHOS_DEPLOYMENT_TARGET = 3.2;
			};
			name = Debug;
		};
		62DC7BC41EC233AB006D8AB6 /* Release */ = {
			isa = XCBuildConfiguration;
			buildSettings = {
				ASSETCATALOG_COMPILER_COMPLICATION_NAME = Complication;
				DEVELOPMENT_TEAM = 4C7AR59H6U;
				INFOPLIST_FILE = "WatchKit-Todo Extension/Info.plist";
				LD_RUNPATH_SEARCH_PATHS = "$(inherited) @executable_path/Frameworks @executable_path/../../Frameworks";
				PRODUCT_BUNDLE_IDENTIFIER = "com.roberthatfield.Todo-Anywhere.watchkitapp.watchkitextension";
				PRODUCT_NAME = "${TARGET_NAME}";
				SDKROOT = watchos;
				SKIP_INSTALL = YES;
				TARGETED_DEVICE_FAMILY = 4;
				WATCHOS_DEPLOYMENT_TARGET = 3.2;
			};
			name = Release;
		};
		62DC7BE31EC246C2006D8AB6 /* Debug */ = {
			isa = XCBuildConfiguration;
			buildSettings = {
				ASSETCATALOG_COMPILER_APPICON_NAME = "App Icon & Top Shelf Image";
				ASSETCATALOG_COMPILER_LAUNCHIMAGE_NAME = LaunchImage;
				DEVELOPMENT_TEAM = 4C7AR59H6U;
				INFOPLIST_FILE = "TV-todo-anywhere/Info.plist";
				LD_RUNPATH_SEARCH_PATHS = "$(inherited) @executable_path/Frameworks";
				PRODUCT_BUNDLE_IDENTIFIER = "com.roberthatfield.TV-todo-anywhere";
				PRODUCT_NAME = "$(TARGET_NAME)";
				SDKROOT = appletvos;
				TARGETED_DEVICE_FAMILY = 3;
				TVOS_DEPLOYMENT_TARGET = 10.2;
			};
			name = Debug;
		};
		62DC7BE41EC246C2006D8AB6 /* Release */ = {
			isa = XCBuildConfiguration;
			buildSettings = {
				ASSETCATALOG_COMPILER_APPICON_NAME = "App Icon & Top Shelf Image";
				ASSETCATALOG_COMPILER_LAUNCHIMAGE_NAME = LaunchImage;
				DEVELOPMENT_TEAM = 4C7AR59H6U;
				INFOPLIST_FILE = "TV-todo-anywhere/Info.plist";
				LD_RUNPATH_SEARCH_PATHS = "$(inherited) @executable_path/Frameworks";
				PRODUCT_BUNDLE_IDENTIFIER = "com.roberthatfield.TV-todo-anywhere";
				PRODUCT_NAME = "$(TARGET_NAME)";
				SDKROOT = appletvos;
				TARGETED_DEVICE_FAMILY = 3;
				TVOS_DEPLOYMENT_TARGET = 10.2;
			};
			name = Release;
		};
/* End XCBuildConfiguration section */

/* Begin XCConfigurationList section */
		620F04991EC0DF6A00C9E67D /* Build configuration list for PBXProject "Todo Anywhere" */ = {
			isa = XCConfigurationList;
			buildConfigurations = (
				620F04B31EC0DF6A00C9E67D /* Debug */,
				620F04B41EC0DF6A00C9E67D /* Release */,
			);
			defaultConfigurationIsVisible = 0;
			defaultConfigurationName = Release;
		};
		620F04B51EC0DF6A00C9E67D /* Build configuration list for PBXNativeTarget "Todo Anywhere" */ = {
			isa = XCConfigurationList;
			buildConfigurations = (
				620F04B61EC0DF6A00C9E67D /* Debug */,
				620F04B71EC0DF6A00C9E67D /* Release */,
			);
			defaultConfigurationIsVisible = 0;
			defaultConfigurationName = Release;
		};
		62DC7BC51EC233AB006D8AB6 /* Build configuration list for PBXNativeTarget "WatchKit-Todo Extension" */ = {
			isa = XCConfigurationList;
			buildConfigurations = (
				62DC7BC31EC233AB006D8AB6 /* Debug */,
				62DC7BC41EC233AB006D8AB6 /* Release */,
			);
			defaultConfigurationIsVisible = 0;
		};
		62DC7BC71EC233AB006D8AB6 /* Build configuration list for PBXNativeTarget "WatchKit-Todo" */ = {
			isa = XCConfigurationList;
			buildConfigurations = (
				62DC7BC11EC233AB006D8AB6 /* Debug */,
				62DC7BC21EC233AB006D8AB6 /* Release */,
			);
			defaultConfigurationIsVisible = 0;
		};
		62DC7BE21EC246C2006D8AB6 /* Build configuration list for PBXNativeTarget "TV-todo-anywhere" */ = {
			isa = XCConfigurationList;
			buildConfigurations = (
				62DC7BE31EC246C2006D8AB6 /* Debug */,
				62DC7BE41EC246C2006D8AB6 /* Release */,
			);
			defaultConfigurationIsVisible = 0;
		};
/* End XCConfigurationList section */
	};
	rootObject = 620F04961EC0DF6A00C9E67D /* Project object */;
}
